// !$*UTF8*$!
{
	archiveVersion = 1;
	classes = {
	};
	objectVersion = 46;
	objects = {

/* Begin PBXBuildFile section */
		4711A5CD1F31CD0B003CB68B /* main.m in Sources */ = {isa = PBXBuildFile; fileRef = 4711A5CC1F31CD0B003CB68B /* main.m */; };
		4711A5D01F31CD0B003CB68B /* AppDelegate.m in Sources */ = {isa = PBXBuildFile; fileRef = 4711A5CF1F31CD0B003CB68B /* AppDelegate.m */; };
		4711A5D31F31CD0B003CB68B /* ViewController.m in Sources */ = {isa = PBXBuildFile; fileRef = 4711A5D21F31CD0B003CB68B /* ViewController.m */; };
		4711A5D61F31CD0B003CB68B /* Main.storyboard in Resources */ = {isa = PBXBuildFile; fileRef = 4711A5D41F31CD0B003CB68B /* Main.storyboard */; };
		4711A5D91F31CD0B003CB68B /* BoxTextFieldDemo.xcdatamodeld in Sources */ = {isa = PBXBuildFile; fileRef = 4711A5D71F31CD0B003CB68B /* BoxTextFieldDemo.xcdatamodeld */; };
		4711A5DB1F31CD0B003CB68B /* Assets.xcassets in Resources */ = {isa = PBXBuildFile; fileRef = 4711A5DA1F31CD0B003CB68B /* Assets.xcassets */; };
		4711A5DE1F31CD0B003CB68B /* LaunchScreen.storyboard in Resources */ = {isa = PBXBuildFile; fileRef = 4711A5DC1F31CD0B003CB68B /* LaunchScreen.storyboard */; };
		4711A5E91F31CD0B003CB68B /* BoxTextFieldDemoTests.m in Sources */ = {isa = PBXBuildFile; fileRef = 4711A5E81F31CD0B003CB68B /* BoxTextFieldDemoTests.m */; };
		4711A5F41F31CD0B003CB68B /* BoxTextFieldDemoUITests.m in Sources */ = {isa = PBXBuildFile; fileRef = 4711A5F31F31CD0B003CB68B /* BoxTextFieldDemoUITests.m */; };
		4711A6031F31CD48003CB68B /* BoxTextField.m in Sources */ = {isa = PBXBuildFile; fileRef = 4711A6021F31CD48003CB68B /* BoxTextField.m */; };
/* End PBXBuildFile section */

/* Begin PBXContainerItemProxy section */
		4711A5E51F31CD0B003CB68B /* PBXContainerItemProxy */ = {
			isa = PBXContainerItemProxy;
			containerPortal = 4711A5C01F31CD0B003CB68B /* Project object */;
			proxyType = 1;
			remoteGlobalIDString = 4711A5C71F31CD0B003CB68B;
			remoteInfo = BoxTextFieldDemo;
		};
		4711A5F01F31CD0B003CB68B /* PBXContainerItemProxy */ = {
			isa = PBXContainerItemProxy;
			containerPortal = 4711A5C01F31CD0B003CB68B /* Project object */;
			proxyType = 1;
			remoteGlobalIDString = 4711A5C71F31CD0B003CB68B;
			remoteInfo = BoxTextFieldDemo;
		};
/* End PBXContainerItemProxy section */

/* Begin PBXFileReference section */
		4711A5C81F31CD0B003CB68B /* BoxTextFieldDemo.app */ = {isa = PBXFileReference; explicitFileType = wrapper.application; includeInIndex = 0; path = BoxTextFieldDemo.app; sourceTree = BUILT_PRODUCTS_DIR; };
		4711A5CC1F31CD0B003CB68B /* main.m */ = {isa = PBXFileReference; lastKnownFileType = sourcecode.c.objc; path = main.m; sourceTree = "<group>"; };
		4711A5CE1F31CD0B003CB68B /* AppDelegate.h */ = {isa = PBXFileReference; lastKnownFileType = sourcecode.c.h; path = AppDelegate.h; sourceTree = "<group>"; };
		4711A5CF1F31CD0B003CB68B /* AppDelegate.m */ = {isa = PBXFileReference; lastKnownFileType = sourcecode.c.objc; path = AppDelegate.m; sourceTree = "<group>"; };
		4711A5D11F31CD0B003CB68B /* ViewController.h */ = {isa = PBXFileReference; lastKnownFileType = sourcecode.c.h; path = ViewController.h; sourceTree = "<group>"; };
		4711A5D21F31CD0B003CB68B /* ViewController.m */ = {isa = PBXFileReference; lastKnownFileType = sourcecode.c.objc; path = ViewController.m; sourceTree = "<group>"; };
		4711A5D51F31CD0B003CB68B /* Base */ = {isa = PBXFileReference; lastKnownFileType = file.storyboard; name = Base; path = Base.lproj/Main.storyboard; sourceTree = "<group>"; };
		4711A5D81F31CD0B003CB68B /* BoxTextFieldDemo.xcdatamodel */ = {isa = PBXFileReference; lastKnownFileType = wrapper.xcdatamodel; path = BoxTextFieldDemo.xcdatamodel; sourceTree = "<group>"; };
		4711A5DA1F31CD0B003CB68B /* Assets.xcassets */ = {isa = PBXFileReference; lastKnownFileType = folder.assetcatalog; path = Assets.xcassets; sourceTree = "<group>"; };
		4711A5DD1F31CD0B003CB68B /* Base */ = {isa = PBXFileReference; lastKnownFileType = file.storyboard; name = Base; path = Base.lproj/LaunchScreen.storyboard; sourceTree = "<group>"; };
		4711A5DF1F31CD0B003CB68B /* Info.plist */ = {isa = PBXFileReference; lastKnownFileType = text.plist.xml; path = Info.plist; sourceTree = "<group>"; };
		4711A5E41F31CD0B003CB68B /* BoxTextFieldDemoTests.xctest */ = {isa = PBXFileReference; explicitFileType = wrapper.cfbundle; includeInIndex = 0; path = BoxTextFieldDemoTests.xctest; sourceTree = BUILT_PRODUCTS_DIR; };
		4711A5E81F31CD0B003CB68B /* BoxTextFieldDemoTests.m */ = {isa = PBXFileReference; lastKnownFileType = sourcecode.c.objc; path = BoxTextFieldDemoTests.m; sourceTree = "<group>"; };
		4711A5EA1F31CD0B003CB68B /* Info.plist */ = {isa = PBXFileReference; lastKnownFileType = text.plist.xml; path = Info.plist; sourceTree = "<group>"; };
		4711A5EF1F31CD0B003CB68B /* BoxTextFieldDemoUITests.xctest */ = {isa = PBXFileReference; explicitFileType = wrapper.cfbundle; includeInIndex = 0; path = BoxTextFieldDemoUITests.xctest; sourceTree = BUILT_PRODUCTS_DIR; };
		4711A5F31F31CD0B003CB68B /* BoxTextFieldDemoUITests.m */ = {isa = PBXFileReference; lastKnownFileType = sourcecode.c.objc; path = BoxTextFieldDemoUITests.m; sourceTree = "<group>"; };
		4711A5F51F31CD0B003CB68B /* Info.plist */ = {isa = PBXFileReference; lastKnownFileType = text.plist.xml; path = Info.plist; sourceTree = "<group>"; };
		4711A6011F31CD48003CB68B /* BoxTextField.h */ = {isa = PBXFileReference; fileEncoding = 4; lastKnownFileType = sourcecode.c.h; path = BoxTextField.h; sourceTree = "<group>"; };
		4711A6021F31CD48003CB68B /* BoxTextField.m */ = {isa = PBXFileReference; fileEncoding = 4; lastKnownFileType = sourcecode.c.objc; path = BoxTextField.m; sourceTree = "<group>"; };
/* End PBXFileReference section */

/* Begin PBXFrameworksBuildPhase section */
		4711A5C51F31CD0B003CB68B /* Frameworks */ = {
			isa = PBXFrameworksBuildPhase;
			buildActionMask = 2147483647;
			files = (
			);
			runOnlyForDeploymentPostprocessing = 0;
		};
		4711A5E11F31CD0B003CB68B /* Frameworks */ = {
			isa = PBXFrameworksBuildPhase;
			buildActionMask = 2147483647;
			files = (
			);
			runOnlyForDeploymentPostprocessing = 0;
		};
		4711A5EC1F31CD0B003CB68B /* Frameworks */ = {
			isa = PBXFrameworksBuildPhase;
			buildActionMask = 2147483647;
			files = (
			);
			runOnlyForDeploymentPostprocessing = 0;
		};
/* End PBXFrameworksBuildPhase section */

/* Begin PBXGroup section */
		4711A5BF1F31CD0B003CB68B = {
			isa = PBXGroup;
			children = (
				4711A5CA1F31CD0B003CB68B /* BoxTextFieldDemo */,
				4711A5E71F31CD0B003CB68B /* BoxTextFieldDemoTests */,
				4711A5F21F31CD0B003CB68B /* BoxTextFieldDemoUITests */,
				4711A5C91F31CD0B003CB68B /* Products */,
			);
			sourceTree = "<group>";
		};
		4711A5C91F31CD0B003CB68B /* Products */ = {
			isa = PBXGroup;
			children = (
				4711A5C81F31CD0B003CB68B /* BoxTextFieldDemo.app */,
				4711A5E41F31CD0B003CB68B /* BoxTextFieldDemoTests.xctest */,
				4711A5EF1F31CD0B003CB68B /* BoxTextFieldDemoUITests.xctest */,
			);
			name = Products;
			sourceTree = "<group>";
		};
		4711A5CA1F31CD0B003CB68B /* BoxTextFieldDemo */ = {
			isa = PBXGroup;
			children = (
				4711A5CE1F31CD0B003CB68B /* AppDelegate.h */,
				4711A5CF1F31CD0B003CB68B /* AppDelegate.m */,
				4711A5D11F31CD0B003CB68B /* ViewController.h */,
				4711A5D21F31CD0B003CB68B /* ViewController.m */,
				4711A6011F31CD48003CB68B /* BoxTextField.h */,
				4711A6021F31CD48003CB68B /* BoxTextField.m */,
				4711A5D41F31CD0B003CB68B /* Main.storyboard */,
				4711A5DA1F31CD0B003CB68B /* Assets.xcassets */,
				4711A5DC1F31CD0B003CB68B /* LaunchScreen.storyboard */,
				4711A5DF1F31CD0B003CB68B /* Info.plist */,
				4711A5D71F31CD0B003CB68B /* BoxTextFieldDemo.xcdatamodeld */,
				4711A5CB1F31CD0B003CB68B /* Supporting Files */,
			);
			path = BoxTextFieldDemo;
			sourceTree = "<group>";
		};
		4711A5CB1F31CD0B003CB68B /* Supporting Files */ = {
			isa = PBXGroup;
			children = (
				4711A5CC1F31CD0B003CB68B /* main.m */,
			);
			name = "Supporting Files";
			sourceTree = "<group>";
		};
		4711A5E71F31CD0B003CB68B /* BoxTextFieldDemoTests */ = {
			isa = PBXGroup;
			children = (
				4711A5E81F31CD0B003CB68B /* BoxTextFieldDemoTests.m */,
				4711A5EA1F31CD0B003CB68B /* Info.plist */,
			);
			path = BoxTextFieldDemoTests;
			sourceTree = "<group>";
		};
		4711A5F21F31CD0B003CB68B /* BoxTextFieldDemoUITests */ = {
			isa = PBXGroup;
			children = (
				4711A5F31F31CD0B003CB68B /* BoxTextFieldDemoUITests.m */,
				4711A5F51F31CD0B003CB68B /* Info.plist */,
			);
			path = BoxTextFieldDemoUITests;
			sourceTree = "<group>";
		};
/* End PBXGroup section */

/* Begin PBXNativeTarget section */
		4711A5C71F31CD0B003CB68B /* BoxTextFieldDemo */ = {
			isa = PBXNativeTarget;
			buildConfigurationList = 4711A5F81F31CD0B003CB68B /* Build configuration list for PBXNativeTarget "BoxTextFieldDemo" */;
			buildPhases = (
				4711A5C41F31CD0B003CB68B /* Sources */,
				4711A5C51F31CD0B003CB68B /* Frameworks */,
				4711A5C61F31CD0B003CB68B /* Resources */,
			);
			buildRules = (
			);
			dependencies = (
			);
			name = BoxTextFieldDemo;
			productName = BoxTextFieldDemo;
			productReference = 4711A5C81F31CD0B003CB68B /* BoxTextFieldDemo.app */;
			productType = "com.apple.product-type.application";
		};
		4711A5E31F31CD0B003CB68B /* BoxTextFieldDemoTests */ = {
			isa = PBXNativeTarget;
			buildConfigurationList = 4711A5FB1F31CD0B003CB68B /* Build configuration list for PBXNativeTarget "BoxTextFieldDemoTests" */;
			buildPhases = (
				4711A5E01F31CD0B003CB68B /* Sources */,
				4711A5E11F31CD0B003CB68B /* Frameworks */,
				4711A5E21F31CD0B003CB68B /* Resources */,
			);
			buildRules = (
			);
			dependencies = (
				4711A5E61F31CD0B003CB68B /* PBXTargetDependency */,
			);
			name = BoxTextFieldDemoTests;
			productName = BoxTextFieldDemoTests;
			productReference = 4711A5E41F31CD0B003CB68B /* BoxTextFieldDemoTests.xctest */;
			productType = "com.apple.product-type.bundle.unit-test";
		};
		4711A5EE1F31CD0B003CB68B /* BoxTextFieldDemoUITests */ = {
			isa = PBXNativeTarget;
			buildConfigurationList = 4711A5FE1F31CD0B003CB68B /* Build configuration list for PBXNativeTarget "BoxTextFieldDemoUITests" */;
			buildPhases = (
				4711A5EB1F31CD0B003CB68B /* Sources */,
				4711A5EC1F31CD0B003CB68B /* Frameworks */,
				4711A5ED1F31CD0B003CB68B /* Resources */,
			);
			buildRules = (
			);
			dependencies = (
				4711A5F11F31CD0B003CB68B /* PBXTargetDependency */,
			);
			name = BoxTextFieldDemoUITests;
			productName = BoxTextFieldDemoUITests;
			productReference = 4711A5EF1F31CD0B003CB68B /* BoxTextFieldDemoUITests.xctest */;
			productType = "com.apple.product-type.bundle.ui-testing";
		};
/* End PBXNativeTarget section */

/* Begin PBXProject section */
		4711A5C01F31CD0B003CB68B /* Project object */ = {
			isa = PBXProject;
			attributes = {
				LastUpgradeCheck = 0830;
				ORGANIZATIONNAME = suxx;
				TargetAttributes = {
					4711A5C71F31CD0B003CB68B = {
						CreatedOnToolsVersion = 8.3.3;
						DevelopmentTeam = XUD54W835U;
						ProvisioningStyle = Automatic;
					};
					4711A5E31F31CD0B003CB68B = {
						CreatedOnToolsVersion = 8.3.3;
						DevelopmentTeam = XUD54W835U;
						ProvisioningStyle = Automatic;
						TestTargetID = 4711A5C71F31CD0B003CB68B;
					};
					4711A5EE1F31CD0B003CB68B = {
						CreatedOnToolsVersion = 8.3.3;
						DevelopmentTeam = XUD54W835U;
						ProvisioningStyle = Automatic;
						TestTargetID = 4711A5C71F31CD0B003CB68B;
					};
				};
			};
			buildConfigurationList = 4711A5C31F31CD0B003CB68B /* Build configuration list for PBXProject "BoxTextFieldDemo" */;
			compatibilityVersion = "Xcode 3.2";
			developmentRegion = English;
			hasScannedForEncodings = 0;
			knownRegions = (
				en,
				Base,
			);
			mainGroup = 4711A5BF1F31CD0B003CB68B;
			productRefGroup = 4711A5C91F31CD0B003CB68B /* Products */;
			projectDirPath = "";
			projectRoot = "";
			targets = (
				4711A5C71F31CD0B003CB68B /* BoxTextFieldDemo */,
				4711A5E31F31CD0B003CB68B /* BoxTextFieldDemoTests */,
				4711A5EE1F31CD0B003CB68B /* BoxTextFieldDemoUITests */,
			);
		};
/* End PBXProject section */

/* Begin PBXResourcesBuildPhase section */
		4711A5C61F31CD0B003CB68B /* Resources */ = {
			isa = PBXResourcesBuildPhase;
			buildActionMask = 2147483647;
			files = (
				4711A5DE1F31CD0B003CB68B /* LaunchScreen.storyboard in Resources */,
				4711A5DB1F31CD0B003CB68B /* Assets.xcassets in Resources */,
				4711A5D61F31CD0B003CB68B /* Main.storyboard in Resources */,
			);
			runOnlyForDeploymentPostprocessing = 0;
		};
		4711A5E21F31CD0B003CB68B /* Resources */ = {
			isa = PBXResourcesBuildPhase;
			buildActionMask = 2147483647;
			files = (
			);
			runOnlyForDeploymentPostprocessing = 0;
		};
		4711A5ED1F31CD0B003CB68B /* Resources */ = {
			isa = PBXResourcesBuildPhase;
			buildActionMask = 2147483647;
			files = (
			);
			runOnlyForDeploymentPostprocessing = 0;
		};
/* End PBXResourcesBuildPhase section */

/* Begin PBXSourcesBuildPhase section */
		4711A5C41F31CD0B003CB68B /* Sources */ = {
			isa = PBXSourcesBuildPhase;
			buildActionMask = 2147483647;
			files = (
				4711A5D91F31CD0B003CB68B /* BoxTextFieldDemo.xcdatamodeld in Sources */,
				4711A5D31F31CD0B003CB68B /* ViewController.m in Sources */,
				4711A5D01F31CD0B003CB68B /* AppDelegate.m in Sources */,
				4711A5CD1F31CD0B003CB68B /* main.m in Sources */,
				4711A6031F31CD48003CB68B /* BoxTextField.m in Sources */,
			);
			runOnlyForDeploymentPostprocessing = 0;
		};
		4711A5E01F31CD0B003CB68B /* Sources */ = {
			isa = PBXSourcesBuildPhase;
			buildActionMask = 2147483647;
			files = (
				4711A5E91F31CD0B003CB68B /* BoxTextFieldDemoTests.m in Sources */,
			);
			runOnlyForDeploymentPostprocessing = 0;
		};
		4711A5EB1F31CD0B003CB68B /* Sources */ = {
			isa = PBXSourcesBuildPhase;
			buildActionMask = 2147483647;
			files = (
				4711A5F41F31CD0B003CB68B /* BoxTextFieldDemoUITests.m in Sources */,
			);
			runOnlyForDeploymentPostprocessing = 0;
		};
/* End PBXSourcesBuildPhase section */

/* Begin PBXTargetDependency section */
		4711A5E61F31CD0B003CB68B /* PBXTargetDependency */ = {
			isa = PBXTargetDependency;
			target = 4711A5C71F31CD0B003CB68B /* BoxTextFieldDemo */;
			targetProxy = 4711A5E51F31CD0B003CB68B /* PBXContainerItemProxy */;
		};
		4711A5F11F31CD0B003CB68B /* PBXTargetDependency */ = {
			isa = PBXTargetDependency;
			target = 4711A5C71F31CD0B003CB68B /* BoxTextFieldDemo */;
			targetProxy = 4711A5F01F31CD0B003CB68B /* PBXContainerItemProxy */;
		};
/* End PBXTargetDependency section */

/* Begin PBXVariantGroup section */
		4711A5D41F31CD0B003CB68B /* Main.storyboard */ = {
			isa = PBXVariantGroup;
			children = (
				4711A5D51F31CD0B003CB68B /* Base */,
			);
			name = Main.storyboard;
			sourceTree = "<group>";
		};
		4711A5DC1F31CD0B003CB68B /* LaunchScreen.storyboard */ = {
			isa = PBXVariantGroup;
			children = (
				4711A5DD1F31CD0B003CB68B /* Base */,
			);
			name = LaunchScreen.storyboard;
			sourceTree = "<group>";
		};
/* End PBXVariantGroup section */

/* Begin XCBuildConfiguration section */
		4711A5F61F31CD0B003CB68B /* Debug */ = {
			isa = XCBuildConfiguration;
			buildSettings = {
				ALWAYS_SEARCH_USER_PATHS = NO;
				CLANG_ANALYZER_NONNULL = YES;
				CLANG_ANALYZER_NUMBER_OBJECT_CONVERSION = YES_AGGRESSIVE;
				CLANG_CXX_LANGUAGE_STANDARD = "gnu++0x";
				CLANG_CXX_LIBRARY = "libc++";
				CLANG_ENABLE_MODULES = YES;
				CLANG_ENABLE_OBJC_ARC = YES;
				CLANG_WARN_BOOL_CONVERSION = YES;
				CLANG_WARN_CONSTANT_CONVERSION = YES;
				CLANG_WARN_DIRECT_OBJC_ISA_USAGE = YES_ERROR;
				CLANG_WARN_DOCUMENTATION_COMMENTS = YES;
				CLANG_WARN_EMPTY_BODY = YES;
				CLANG_WARN_ENUM_CONVERSION = YES;
				CLANG_WARN_INFINITE_RECURSION = YES;
				CLANG_WARN_INT_CONVERSION = YES;
				CLANG_WARN_OBJC_ROOT_CLASS = YES_ERROR;
				CLANG_WARN_SUSPICIOUS_MOVE = YES;
				CLANG_WARN_UNREACHABLE_CODE = YES;
				CLANG_WARN__DUPLICATE_METHOD_MATCH = YES;
				"CODE_SIGN_IDENTITY[sdk=iphoneos*]" = "iPhone Developer";
				COPY_PHASE_STRIP = NO;
				DEBUG_INFORMATION_FORMAT = dwarf;
				ENABLE_STRICT_OBJC_MSGSEND = YES;
				ENABLE_TESTABILITY = YES;
				GCC_C_LANGUAGE_STANDARD = gnu99;
				GCC_DYNAMIC_NO_PIC = NO;
				GCC_NO_COMMON_BLOCKS = YES;
				GCC_OPTIMIZATION_LEVEL = 0;
				GCC_PREPROCESSOR_DEFINITIONS = (
					"DEBUG=1",
					"$(inherited)",
				);
				GCC_WARN_64_TO_32_BIT_CONVERSION = YES;
				GCC_WARN_ABOUT_RETURN_TYPE = YES_ERROR;
				GCC_WARN_UNDECLARED_SELECTOR = YES;
				GCC_WARN_UNINITIALIZED_AUTOS = YES_AGGRESSIVE;
				GCC_WARN_UNUSED_FUNCTION = YES;
				GCC_WARN_UNUSED_VARIABLE = YES;
				IPHONEOS_DEPLOYMENT_TARGET = 10.3;
				MTL_ENABLE_DEBUG_INFO = YES;
				ONLY_ACTIVE_ARCH = YES;
				SDKROOT = iphoneos;
				TARGETED_DEVICE_FAMILY = "1,2";
			};
			name = Debug;
		};
		4711A5F71F31CD0B003CB68B /* Release */ = {
			isa = XCBuildConfiguration;
			buildSettings = {
				ALWAYS_SEARCH_USER_PATHS = NO;
				CLANG_ANALYZER_NONNULL = YES;
				CLANG_ANALYZER_NUMBER_OBJECT_CONVERSION = YES_AGGRESSIVE;
				CLANG_CXX_LANGUAGE_STANDARD = "gnu++0x";
				CLANG_CXX_LIBRARY = "libc++";
				CLANG_ENABLE_MODULES = YES;
				CLANG_ENABLE_OBJC_ARC = YES;
				CLANG_WARN_BOOL_CONVERSION = YES;
				CLANG_WARN_CONSTANT_CONVERSION = YES;
				CLANG_WARN_DIRECT_OBJC_ISA_USAGE = YES_ERROR;
				CLANG_WARN_DOCUMENTATION_COMMENTS = YES;
				CLANG_WARN_EMPTY_BODY = YES;
				CLANG_WARN_ENUM_CONVERSION = YES;
				CLANG_WARN_INFINITE_RECURSION = YES;
				CLANG_WARN_INT_CONVERSION = YES;
				CLANG_WARN_OBJC_ROOT_CLASS = YES_ERROR;
				CLANG_WARN_SUSPICIOUS_MOVE = YES;
				CLANG_WARN_UNREACHABLE_CODE = YES;
				CLANG_WARN__DUPLICATE_METHOD_MATCH = YES;
				"CODE_SIGN_IDENTITY[sdk=iphoneos*]" = "iPhone Developer";
				COPY_PHASE_STRIP = NO;
				DEBUG_INFORMATION_FORMAT = "dwarf-with-dsym";
				ENABLE_NS_ASSERTIONS = NO;
				ENABLE_STRICT_OBJC_MSGSEND = YES;
				GCC_C_LANGUAGE_STANDARD = gnu99;
				GCC_NO_COMMON_BLOCKS = YES;
				GCC_WARN_64_TO_32_BIT_CONVERSION = YES;
				GCC_WARN_ABOUT_RETURN_TYPE = YES_ERROR;
				GCC_WARN_UNDECLARED_SELECTOR = YES;
				GCC_WARN_UNINITIALIZED_AUTOS = YES_AGGRESSIVE;
				GCC_WARN_UNUSED_FUNCTION = YES;
				GCC_WARN_UNUSED_VARIABLE = YES;
				IPHONEOS_DEPLOYMENT_TARGET = 10.3;
				MTL_ENABLE_DEBUG_INFO = NO;
				SDKROOT = iphoneos;
				TARGETED_DEVICE_FAMILY = "1,2";
				VALIDATE_PRODUCT = YES;
			};
			name = Release;
		};
		4711A5F91F31CD0B003CB68B /* Debug */ = {
			isa = XCBuildConfiguration;
			buildSettings = {
				ASSETCATALOG_COMPILER_APPICON_NAME = AppIcon;
				DEVELOPMENT_TEAM = XUD54W835U;
				INFOPLIST_FILE = BoxTextFieldDemo/Info.plist;
				LD_RUNPATH_SEARCH_PATHS = "$(inherited) @executable_path/Frameworks";
				PRODUCT_BUNDLE_IDENTIFIER = Su.BoxTextFieldDemo;
				PRODUCT_NAME = "$(TARGET_NAME)";
			};
			name = Debug;
		};
		4711A5FA1F31CD0B003CB68B /* Release */ = {
			isa = XCBuildConfiguration;
			buildSettings = {
				ASSETCATALOG_COMPILER_APPICON_NAME = AppIcon;
				DEVELOPMENT_TEAM = XUD54W835U;
				INFOPLIST_FILE = BoxTextFieldDemo/Info.plist;
				LD_RUNPATH_SEARCH_PATHS = "$(inherited) @executable_path/Frameworks";
				PRODUCT_BUNDLE_IDENTIFIER = Su.BoxTextFieldDemo;
				PRODUCT_NAME = "$(TARGET_NAME)";
			};
			name = Release;
		};
		4711A5FC1F31CD0B003CB68B /* Debug */ = {
			isa = XCBuildConfiguration;
			buildSettings = {
				BUNDLE_LOADER = "$(TEST_HOST)";
				DEVELOPMENT_TEAM = XUD54W835U;
				INFOPLIST_FILE = BoxTextFieldDemoTests/Info.plist;
				LD_RUNPATH_SEARCH_PATHS = "$(inherited) @executable_path/Frameworks @loader_path/Frameworks";
				PRODUCT_BUNDLE_IDENTIFIER = Su.BoxTextFieldDemoTests;
				PRODUCT_NAME = "$(TARGET_NAME)";
				TEST_HOST = "$(BUILT_PRODUCTS_DIR)/BoxTextFieldDemo.app/BoxTextFieldDemo";
			};
			name = Debug;
		};
		4711A5FD1F31CD0B003CB68B /* Release */ = {
			isa = XCBuildConfiguration;
			buildSettings = {
				BUNDLE_LOADER = "$(TEST_HOST)";
				DEVELOPMENT_TEAM = XUD54W835U;
				INFOPLIST_FILE = BoxTextFieldDemoTests/Info.plist;
				LD_RUNPATH_SEARCH_PATHS = "$(inherited) @executable_path/Frameworks @loader_path/Frameworks";
				PRODUCT_BUNDLE_IDENTIFIER = Su.BoxTextFieldDemoTests;
				PRODUCT_NAME = "$(TARGET_NAME)";
				TEST_HOST = "$(BUILT_PRODUCTS_DIR)/BoxTextFieldDemo.app/BoxTextFieldDemo";
			};
			name = Release;
		};
		4711A5FF1F31CD0B003CB68B /* Debug */ = {
			isa = XCBuildConfiguration;
			buildSettings = {
				DEVELOPMENT_TEAM = XUD54W835U;
				INFOPLIST_FILE = BoxTextFieldDemoUITests/Info.plist;
				LD_RUNPATH_SEARCH_PATHS = "$(inherited) @executable_path/Frameworks @loader_path/Frameworks";
				PRODUCT_BUNDLE_IDENTIFIER = Su.BoxTextFieldDemoUITests;
				PRODUCT_NAME = "$(TARGET_NAME)";
				TEST_TARGET_NAME = BoxTextFieldDemo;
			};
			name = Debug;
		};
		4711A6001F31CD0B003CB68B /* Release */ = {
			isa = XCBuildConfiguration;
			buildSettings = {
				DEVELOPMENT_TEAM = XUD54W835U;
				INFOPLIST_FILE = BoxTextFieldDemoUITests/Info.plist;
				LD_RUNPATH_SEARCH_PATHS = "$(inherited) @executable_path/Frameworks @loader_path/Frameworks";
				PRODUCT_BUNDLE_IDENTIFIER = Su.BoxTextFieldDemoUITests;
				PRODUCT_NAME = "$(TARGET_NAME)";
				TEST_TARGET_NAME = BoxTextFieldDemo;
			};
			name = Release;
		};
/* End XCBuildConfiguration section */

/* Begin XCConfigurationList section */
		4711A5C31F31CD0B003CB68B /* Build configuration list for PBXProject "BoxTextFieldDemo" */ = {
			isa = XCConfigurationList;
			buildConfigurations = (
				4711A5F61F31CD0B003CB68B /* Debug */,
				4711A5F71F31CD0B003CB68B /* Release */,
			);
			defaultConfigurationIsVisible = 0;
			defaultConfigurationName = Release;
		};
		4711A5F81F31CD0B003CB68B /* Build configuration list for PBXNativeTarget "BoxTextFieldDemo" */ = {
			isa = XCConfigurationList;
			buildConfigurations = (
				4711A5F91F31CD0B003CB68B /* Debug */,
				4711A5FA1F31CD0B003CB68B /* Release */,
			);
			defaultConfigurationIsVisible = 0;
		};
		4711A5FB1F31CD0B003CB68B /* Build configuration list for PBXNativeTarget "BoxTextFieldDemoTests" */ = {
			isa = XCConfigurationList;
			buildConfigurations = (
				4711A5FC1F31CD0B003CB68B /* Debug */,
				4711A5FD1F31CD0B003CB68B /* Release */,
			);
			defaultConfigurationIsVisible = 0;
		};
		4711A5FE1F31CD0B003CB68B /* Build configuration list for PBXNativeTarget "BoxTextFieldDemoUITests" */ = {
			isa = XCConfigurationList;
			buildConfigurations = (
				4711A5FF1F31CD0B003CB68B /* Debug */,
				4711A6001F31CD0B003CB68B /* Release */,
			);
			defaultConfigurationIsVisible = 0;
		};
/* End XCConfigurationList section */

/* Begin XCVersionGroup section */
		4711A5D71F31CD0B003CB68B /* BoxTextFieldDemo.xcdatamodeld */ = {
			isa = XCVersionGroup;
			children = (
				4711A5D81F31CD0B003CB68B /* BoxTextFieldDemo.xcdatamodel */,
			);
			currentVersion = 4711A5D81F31CD0B003CB68B /* BoxTextFieldDemo.xcdatamodel */;
			path = BoxTextFieldDemo.xcdatamodeld;
			sourceTree = "<group>";
			versionGroupType = wrapper.xcdatamodel;
		};
/* End XCVersionGroup section */
	};
	rootObject = 4711A5C01F31CD0B003CB68B /* Project object */;
}
